
Microsoft Visual Studio Solution File, Format Version 12.00
# Visual Studio Version 17
VisualStudioVersion = 17.0.31903.59
MinimumVisualStudioVersion = 10.0.40219.1
Project("{FAE04EC0-301F-11D3-BF4B-00C04F79EFBC}") = "AdbParser.Console", "AdbParser.Console\AdbParser.Console.csproj", "{43D4D878-85AF-492A-9014-3DFDF832355F}"
EndProject
Project("{FAE04EC0-301F-11D3-BF4B-00C04F79EFBC}") = "AdbParser.Core", "AdbParser.Core\AdbParser.Core.csproj", "{E0551CB8-14C3-4EE0-A012-062F7BBF4421}"
EndProject
Project("{FAE04EC0-301F-11D3-BF4B-00C04F79EFBC}") = "AdbParser.Gui", "AdbParser.Gui\AdbParser.Gui.csproj", "{D2C6DD94-EF19-45F9-8D6B-668E981ED6F7}"
EndProject
Global
	GlobalSection(SolutionConfigurationPlatforms) = preSolution
		Debug|Any CPU = Debug|Any CPU
		Release|Any CPU = Release|Any CPU
	EndGlobalSection
	GlobalSection(ProjectConfigurationPlatforms) = postSolution
		{43D4D878-85AF-492A-9014-3DFDF832355F}.Debug|Any CPU.ActiveCfg = Debug|Any CPU
		{43D4D878-85AF-492A-9014-3DFDF832355F}.Debug|Any CPU.Build.0 = Debug|Any CPU
		{43D4D878-85AF-492A-9014-3DFDF832355F}.Release|Any CPU.ActiveCfg = Release|Any CPU
		{43D4D878-85AF-492A-9014-3DFDF832355F}.Release|Any CPU.Build.0 = Release|Any CPU
		{E0551CB8-14C3-4EE0-A012-062F7BBF4421}.Debug|Any CPU.ActiveCfg = Debug|Any CPU
		{E0551CB8-14C3-4EE0-A012-062F7BBF4421}.Debug|Any CPU.Build.0 = Debug|Any CPU
		{E0551CB8-14C3-4EE0-A012-062F7BBF4421}.Release|Any CPU.ActiveCfg = Release|Any CPU
		{E0551CB8-14C3-4EE0-A012-062F7BBF4421}.Release|Any CPU.Build.0 = Release|Any CPU
		{D2C6DD94-EF19-45F9-8D6B-668E981ED6F7}.Debug|Any CPU.ActiveCfg = Debug|Any CPU
		{D2C6DD94-EF19-45F9-8D6B-668E981ED6F7}.Debug|Any CPU.Build.0 = Debug|Any CPU
		{D2C6DD94-EF19-45F9-8D6B-668E981ED6F7}.Release|Any CPU.ActiveCfg = Release|Any CPU
		{D2C6DD94-EF19-45F9-8D6B-668E981ED6F7}.Release|Any CPU.Build.0 = Release|Any CPU
	EndGlobalSection
	GlobalSection(SolutionProperties) = preSolution
		HideSolutionNode = FALSE
	EndGlobalSection
EndGlobal
